
Microsoft Visual Studio Solution File, Format Version 12.00
# Visual Studio 2012
Project("{FAE04EC0-301F-11D3-BF4B-00C04F79EFBC}") = "BeardedManStudios", "BeardedManStudios.csproj", "{1DC34CDD-667A-40BE-9447-45866BF4607D}"
EndProject
Project("{FAE04EC0-301F-11D3-BF4B-00C04F79EFBC}") = "ForgeNetworkingCommon", "..\ForgeNetworkingCommon\ForgeNetworkingCommon.csproj", "{9C3AF9D0-B19F-44A6-9068-84B636892BDE}"
EndProject
Project("{FAE04EC0-301F-11D3-BF4B-00C04F79EFBC}") = "ForgeNetworkingUnityEditor", "..\ForgeNetworkingUnityEditor\ForgeNetworkingUnityEditor.csproj", "{6BDD215D-6E48-4D61-9C44-A3188EC18DF1}"
EndProject
Global
	GlobalSection(SolutionConfigurationPlatforms) = preSolution
		Debug Client|Any CPU = Debug Client|Any CPU
		Debug|Any CPU = Debug|Any CPU
		Release|Any CPU = Release|Any CPU
	EndGlobalSection
	GlobalSection(ProjectConfigurationPlatforms) = postSolution
		{1DC34CDD-667A-40BE-9447-45866BF4607D}.Debug Client|Any CPU.ActiveCfg = Debug Client|Any CPU
		{1DC34CDD-667A-40BE-9447-45866BF4607D}.Debug Client|Any CPU.Build.0 = Debug Client|Any CPU
		{1DC34CDD-667A-40BE-9447-45866BF4607D}.Debug|Any CPU.ActiveCfg = Debug|Any CPU
		{1DC34CDD-667A-40BE-9447-45866BF4607D}.Debug|Any CPU.Build.0 = Debug|Any CPU
		{1DC34CDD-667A-40BE-9447-45866BF4607D}.Release|Any CPU.ActiveCfg = Release|Any CPU
		{1DC34CDD-667A-40BE-9447-45866BF4607D}.Release|Any CPU.Build.0 = Release|Any CPU
		{9C3AF9D0-B19F-44A6-9068-84B636892BDE}.Debug Client|Any CPU.ActiveCfg = Debug|Any CPU
		{9C3AF9D0-B19F-44A6-9068-84B636892BDE}.Debug Client|Any CPU.Build.0 = Debug|Any CPU
		{9C3AF9D0-B19F-44A6-9068-84B636892BDE}.Debug|Any CPU.ActiveCfg = Debug|Any CPU
		{9C3AF9D0-B19F-44A6-9068-84B636892BDE}.Debug|Any CPU.Build.0 = Debug|Any CPU
		{9C3AF9D0-B19F-44A6-9068-84B636892BDE}.Release|Any CPU.ActiveCfg = Release|Any CPU
		{9C3AF9D0-B19F-44A6-9068-84B636892BDE}.Release|Any CPU.Build.0 = Release|Any CPU
		{6BDD215D-6E48-4D61-9C44-A3188EC18DF1}.Debug Client|Any CPU.ActiveCfg = Debug|Any CPU
		{6BDD215D-6E48-4D61-9C44-A3188EC18DF1}.Debug Client|Any CPU.Build.0 = Debug|Any CPU
		{6BDD215D-6E48-4D61-9C44-A3188EC18DF1}.Debug|Any CPU.ActiveCfg = Debug|Any CPU
		{6BDD215D-6E48-4D61-9C44-A3188EC18DF1}.Debug|Any CPU.Build.0 = Debug|Any CPU
		{6BDD215D-6E48-4D61-9C44-A3188EC18DF1}.Release|Any CPU.ActiveCfg = Release|Any CPU
		{6BDD215D-6E48-4D61-9C44-A3188EC18DF1}.Release|Any CPU.Build.0 = Release|Any CPU
	EndGlobalSection
	GlobalSection(SolutionProperties) = preSolution
		HideSolutionNode = FALSE
	EndGlobalSection
EndGlobal
