
Microsoft Visual Studio Solution File, Format Version 12.00
# Visual Studio 14
VisualStudioVersion = 14.0.25420.1
MinimumVisualStudioVersion = 10.0.40219.1
Project("{FAE04EC0-301F-11D3-BF4B-00C04F79EFBC}") = "BeardedManStudios", "BeardedManStudios.csproj", "{1DC34CDD-667A-40BE-9447-45866BF4607D}"
EndProject
Project("{FAE04EC0-301F-11D3-BF4B-00C04F79EFBC}") = "ForgeNetworkingCommon", "..\ForgeNetworkingCommon\ForgeNetworkingCommon.csproj", "{9C3AF9D0-B19F-44A6-9068-84B636892BDE}"
EndProject
Project("{FAE04EC0-301F-11D3-BF4B-00C04F79EFBC}") = "MasterServer", "..\MasterServer\MasterServer.csproj", "{5431F79F-ACCF-44FF-8C17-A3B8A573BFA2}"
EndProject
Project("{FAE04EC0-301F-11D3-BF4B-00C04F79EFBC}") = "NatHolePunch", "..\NatHolePunch\NatHolePunch.csproj", "{087F4369-BC06-4617-A8C8-6ACB07C3AD48}"
EndProject
Project("{FAE04EC0-301F-11D3-BF4B-00C04F79EFBC}") = "MVCWebServer", "..\MVCWebServer\MVCWebServer.csproj", "{7CB799D9-666A-4AC3-AB7E-D81D95553311}"
EndProject
Project("{FAE04EC0-301F-11D3-BF4B-00C04F79EFBC}") = "ConsoleTestProgram", "..\ConsoleTestProgram\ConsoleTestProgram.csproj", "{FFC514C7-F437-4825-94EC-AE3314BF1D4A}"
EndProject
Project("{FAE04EC0-301F-11D3-BF4B-00C04F79EFBC}") = "BasicStandAloneServer", "..\BasicStandAloneServer\BasicStandAloneServer.csproj", "{BEFCD412-96E9-42F1-8841-AA2F500DBDA1}"
EndProject
Global
	GlobalSection(SolutionConfigurationPlatforms) = preSolution
		Debug Client|Any CPU = Debug Client|Any CPU
		Debug|Any CPU = Debug|Any CPU
		Release|Any CPU = Release|Any CPU
	EndGlobalSection
	GlobalSection(ProjectConfigurationPlatforms) = postSolution
		{1DC34CDD-667A-40BE-9447-45866BF4607D}.Debug Client|Any CPU.ActiveCfg = Debug Client|Any CPU
		{1DC34CDD-667A-40BE-9447-45866BF4607D}.Debug Client|Any CPU.Build.0 = Debug Client|Any CPU
		{1DC34CDD-667A-40BE-9447-45866BF4607D}.Debug|Any CPU.ActiveCfg = Debug|Any CPU
		{1DC34CDD-667A-40BE-9447-45866BF4607D}.Debug|Any CPU.Build.0 = Debug|Any CPU
		{1DC34CDD-667A-40BE-9447-45866BF4607D}.Release|Any CPU.ActiveCfg = Release|Any CPU
		{1DC34CDD-667A-40BE-9447-45866BF4607D}.Release|Any CPU.Build.0 = Release|Any CPU
		{9C3AF9D0-B19F-44A6-9068-84B636892BDE}.Debug Client|Any CPU.ActiveCfg = Debug|Any CPU
		{9C3AF9D0-B19F-44A6-9068-84B636892BDE}.Debug Client|Any CPU.Build.0 = Debug|Any CPU
		{9C3AF9D0-B19F-44A6-9068-84B636892BDE}.Debug|Any CPU.ActiveCfg = Debug|Any CPU
		{9C3AF9D0-B19F-44A6-9068-84B636892BDE}.Debug|Any CPU.Build.0 = Debug|Any CPU
		{9C3AF9D0-B19F-44A6-9068-84B636892BDE}.Release|Any CPU.ActiveCfg = Release|Any CPU
		{9C3AF9D0-B19F-44A6-9068-84B636892BDE}.Release|Any CPU.Build.0 = Release|Any CPU
		{5431F79F-ACCF-44FF-8C17-A3B8A573BFA2}.Debug Client|Any CPU.ActiveCfg = Debug|Any CPU
		{5431F79F-ACCF-44FF-8C17-A3B8A573BFA2}.Debug Client|Any CPU.Build.0 = Debug|Any CPU
		{5431F79F-ACCF-44FF-8C17-A3B8A573BFA2}.Debug|Any CPU.ActiveCfg = Debug|Any CPU
		{5431F79F-ACCF-44FF-8C17-A3B8A573BFA2}.Debug|Any CPU.Build.0 = Debug|Any CPU
		{5431F79F-ACCF-44FF-8C17-A3B8A573BFA2}.Release|Any CPU.ActiveCfg = Release|Any CPU
		{5431F79F-ACCF-44FF-8C17-A3B8A573BFA2}.Release|Any CPU.Build.0 = Release|Any CPU
		{087F4369-BC06-4617-A8C8-6ACB07C3AD48}.Debug Client|Any CPU.ActiveCfg = Debug|Any CPU
		{087F4369-BC06-4617-A8C8-6ACB07C3AD48}.Debug Client|Any CPU.Build.0 = Debug|Any CPU
		{087F4369-BC06-4617-A8C8-6ACB07C3AD48}.Debug|Any CPU.ActiveCfg = Debug|Any CPU
		{087F4369-BC06-4617-A8C8-6ACB07C3AD48}.Debug|Any CPU.Build.0 = Debug|Any CPU
		{087F4369-BC06-4617-A8C8-6ACB07C3AD48}.Release|Any CPU.ActiveCfg = Release|Any CPU
		{087F4369-BC06-4617-A8C8-6ACB07C3AD48}.Release|Any CPU.Build.0 = Release|Any CPU
		{7CB799D9-666A-4AC3-AB7E-D81D95553311}.Debug Client|Any CPU.ActiveCfg = Debug|Any CPU
		{7CB799D9-666A-4AC3-AB7E-D81D95553311}.Debug Client|Any CPU.Build.0 = Debug|Any CPU
		{7CB799D9-666A-4AC3-AB7E-D81D95553311}.Debug|Any CPU.ActiveCfg = Debug|Any CPU
		{7CB799D9-666A-4AC3-AB7E-D81D95553311}.Debug|Any CPU.Build.0 = Debug|Any CPU
		{7CB799D9-666A-4AC3-AB7E-D81D95553311}.Release|Any CPU.ActiveCfg = Release|Any CPU
		{7CB799D9-666A-4AC3-AB7E-D81D95553311}.Release|Any CPU.Build.0 = Release|Any CPU
		{FFC514C7-F437-4825-94EC-AE3314BF1D4A}.Debug Client|Any CPU.ActiveCfg = Debug Client|Any CPU
		{FFC514C7-F437-4825-94EC-AE3314BF1D4A}.Debug Client|Any CPU.Build.0 = Debug Client|Any CPU
		{FFC514C7-F437-4825-94EC-AE3314BF1D4A}.Debug|Any CPU.ActiveCfg = Debug|Any CPU
		{FFC514C7-F437-4825-94EC-AE3314BF1D4A}.Debug|Any CPU.Build.0 = Debug|Any CPU
		{FFC514C7-F437-4825-94EC-AE3314BF1D4A}.Release|Any CPU.ActiveCfg = Release|Any CPU
		{FFC514C7-F437-4825-94EC-AE3314BF1D4A}.Release|Any CPU.Build.0 = Release|Any CPU
		{BEFCD412-96E9-42F1-8841-AA2F500DBDA1}.Debug Client|Any CPU.ActiveCfg = Debug|Any CPU
		{BEFCD412-96E9-42F1-8841-AA2F500DBDA1}.Debug Client|Any CPU.Build.0 = Debug|Any CPU
		{BEFCD412-96E9-42F1-8841-AA2F500DBDA1}.Debug|Any CPU.ActiveCfg = Debug|Any CPU
		{BEFCD412-96E9-42F1-8841-AA2F500DBDA1}.Debug|Any CPU.Build.0 = Debug|Any CPU
		{BEFCD412-96E9-42F1-8841-AA2F500DBDA1}.Release|Any CPU.ActiveCfg = Release|Any CPU
		{BEFCD412-96E9-42F1-8841-AA2F500DBDA1}.Release|Any CPU.Build.0 = Release|Any CPU
	EndGlobalSection
	GlobalSection(SolutionProperties) = preSolution
		HideSolutionNode = FALSE
	EndGlobalSection
	GlobalSection(ExtensibilityGlobals) = postSolution
		SolutionGuid = {2C102CB2-4EF8-4E10-8EA6-2A699B1ED220}
	EndGlobalSection
EndGlobal
