
Microsoft Visual Studio Solution File, Format Version 12.00
# Visual Studio 15
Project("{FAE04EC0-301F-11D3-BF4B-00C04F79EFBC}") = "Assembly-CSharp", "Assembly-CSharp.csproj", "{7B0C7FE8-F613-F007-6B0F-603D35B41B66}"
EndProject
Project("{FAE04EC0-301F-11D3-BF4B-00C04F79EFBC}") = "Assembly-CSharp-Editor", "Assembly-CSharp-Editor.csproj", "{A5C4681C-9299-E616-20C2-C37391505DBB}"
EndProject
Global
	GlobalSection(SolutionConfigurationPlatforms) = preSolution
		Debug|Any CPU = Debug|Any CPU
		Release|Any CPU = Release|Any CPU
	EndGlobalSection
	GlobalSection(ProjectConfigurationPlatforms) = postSolution
		{7B0C7FE8-F613-F007-6B0F-603D35B41B66}.Debug|Any CPU.ActiveCfg = Debug|Any CPU
		{7B0C7FE8-F613-F007-6B0F-603D35B41B66}.Debug|Any CPU.Build.0 = Debug|Any CPU
		{7B0C7FE8-F613-F007-6B0F-603D35B41B66}.Release|Any CPU.ActiveCfg = Release|Any CPU
		{7B0C7FE8-F613-F007-6B0F-603D35B41B66}.Release|Any CPU.Build.0 = Release|Any CPU
		{A5C4681C-9299-E616-20C2-C37391505DBB}.Debug|Any CPU.ActiveCfg = Debug|Any CPU
		{A5C4681C-9299-E616-20C2-C37391505DBB}.Debug|Any CPU.Build.0 = Debug|Any CPU
		{A5C4681C-9299-E616-20C2-C37391505DBB}.Release|Any CPU.ActiveCfg = Release|Any CPU
		{A5C4681C-9299-E616-20C2-C37391505DBB}.Release|Any CPU.Build.0 = Release|Any CPU
	EndGlobalSection
	GlobalSection(SolutionProperties) = preSolution
		HideSolutionNode = FALSE
	EndGlobalSection
EndGlobal
