
Microsoft Visual Studio Solution File, Format Version 12.00
# Visual Studio 2015
Project("{FAE04EC0-301F-11D3-BF4B-00C04F79EFBC}") = "Forge Networking Remastered Unity", "Forge Networking Remastered Unity.csproj", "{7101BF79-1CBC-B118-A920-3B09B7453F1D}"
EndProject
Project("{FAE04EC0-301F-11D3-BF4B-00C04F79EFBC}") = "Forge Networking Remastered Unity.Plugins", "Forge Networking Remastered Unity.Plugins.csproj", "{A535B52F-656E-C9FB-183A-E05D9708E7C5}"
EndProject
Global
	GlobalSection(SolutionConfigurationPlatforms) = preSolution
		Debug|Any CPU = Debug|Any CPU
		Release|Any CPU = Release|Any CPU
	EndGlobalSection
	GlobalSection(ProjectConfigurationPlatforms) = postSolution
		{7101BF79-1CBC-B118-A920-3B09B7453F1D}.Debug|Any CPU.ActiveCfg = Debug|Any CPU
		{7101BF79-1CBC-B118-A920-3B09B7453F1D}.Debug|Any CPU.Build.0 = Debug|Any CPU
		{7101BF79-1CBC-B118-A920-3B09B7453F1D}.Release|Any CPU.ActiveCfg = Release|Any CPU
		{7101BF79-1CBC-B118-A920-3B09B7453F1D}.Release|Any CPU.Build.0 = Release|Any CPU
		{A535B52F-656E-C9FB-183A-E05D9708E7C5}.Debug|Any CPU.ActiveCfg = Debug|Any CPU
		{A535B52F-656E-C9FB-183A-E05D9708E7C5}.Debug|Any CPU.Build.0 = Debug|Any CPU
		{A535B52F-656E-C9FB-183A-E05D9708E7C5}.Release|Any CPU.ActiveCfg = Release|Any CPU
		{A535B52F-656E-C9FB-183A-E05D9708E7C5}.Release|Any CPU.Build.0 = Release|Any CPU
	EndGlobalSection
	GlobalSection(SolutionProperties) = preSolution
		HideSolutionNode = FALSE
	EndGlobalSection
EndGlobal
