
Microsoft Visual Studio Solution File, Format Version 12.00
# Visual Studio 2015
Project("{FAE04EC0-301F-11D3-BF4B-00C04F79EFBC}") = "Forge Networking Remastered Unity.CSharp", "Forge Networking Remastered Unity.CSharp.csproj", "{008166C2-D7F4-F9F8-1D2F-8A7DADD3E498}"
EndProject
Project("{FAE04EC0-301F-11D3-BF4B-00C04F79EFBC}") = "Forge Networking Remastered Unity.CSharp.Editor", "Forge Networking Remastered Unity.CSharp.Editor.csproj", "{F4EC00CC-0A22-F35F-B8A2-EC4AB396F1B6}"
EndProject
Global
	GlobalSection(SolutionConfigurationPlatforms) = preSolution
		Debug|Any CPU = Debug|Any CPU
		Release|Any CPU = Release|Any CPU
	EndGlobalSection
	GlobalSection(ProjectConfigurationPlatforms) = postSolution
		{008166C2-D7F4-F9F8-1D2F-8A7DADD3E498}.Debug|Any CPU.ActiveCfg = Debug|Any CPU
		{008166C2-D7F4-F9F8-1D2F-8A7DADD3E498}.Debug|Any CPU.Build.0 = Debug|Any CPU
		{008166C2-D7F4-F9F8-1D2F-8A7DADD3E498}.Release|Any CPU.ActiveCfg = Release|Any CPU
		{008166C2-D7F4-F9F8-1D2F-8A7DADD3E498}.Release|Any CPU.Build.0 = Release|Any CPU
		{F4EC00CC-0A22-F35F-B8A2-EC4AB396F1B6}.Debug|Any CPU.ActiveCfg = Debug|Any CPU
		{F4EC00CC-0A22-F35F-B8A2-EC4AB396F1B6}.Debug|Any CPU.Build.0 = Debug|Any CPU
		{F4EC00CC-0A22-F35F-B8A2-EC4AB396F1B6}.Release|Any CPU.ActiveCfg = Release|Any CPU
		{F4EC00CC-0A22-F35F-B8A2-EC4AB396F1B6}.Release|Any CPU.Build.0 = Release|Any CPU
	EndGlobalSection
	GlobalSection(SolutionProperties) = preSolution
		HideSolutionNode = FALSE
	EndGlobalSection
EndGlobal
